
Microsoft Visual Studio Solution File, Format Version 12.00
# Visual Studio Version 17
VisualStudioVersion = 17.13.35818.85
MinimumVisualStudioVersion = 10.0.40219.1
Project("{FAE04EC0-301F-11D3-BF4B-00C04F79EFBC}") = "FoodLogger.Domain", "FoodLogger.Domain\FoodLogger.Domain.csproj", "{038E8C00-3B8F-4323-BFB1-F586CE7BC8D5}"
EndProject
Project("{FAE04EC0-301F-11D3-BF4B-00C04F79EFBC}") = "FoodLogger.Application", "FoodLogger.Application\FoodLogger.Application.csproj", "{5F0DA9F9-CC5C-4552-8188-EEE52712DC3A}"
EndProject
Project("{FAE04EC0-301F-11D3-BF4B-00C04F79EFBC}") = "FoodLogger.Infrastrcuture", "FoodLogger.Infrastrcuture\FoodLogger.Infrastrcuture.csproj", "{78AA0F74-ADFA-46DC-9542-CAFB2DD8C6D2}"
EndProject
Project("{FAE04EC0-301F-11D3-BF4B-00C04F79EFBC}") = "FoodLogger.API", "FoodLogger.API\FoodLogger.API.csproj", "{4E00BD97-BF62-4998-98F7-EFE4A06A8879}"
EndProject
Project("{2150E333-8FDC-42A3-9474-1A3956D46DE8}") = "tests", "tests", "{02EA681E-C7D8-13C7-8484-4AC65E1B71E8}"
EndProject
Project("{2150E333-8FDC-42A3-9474-1A3956D46DE8}") = "src", "src", "{A1EBDB08-6B9E-417A-A39C-9DC623A6F90E}"
EndProject
Project("{FAE04EC0-301F-11D3-BF4B-00C04F79EFBC}") = "FoodLogger.Application.Tests", "FoodLogger.Application.Tests\FoodLogger.Application.Tests.csproj", "{15BC69BB-2434-4169-91B3-AA94FE72FB7B}"
EndProject
Project("{FAE04EC0-301F-11D3-BF4B-00C04F79EFBC}") = "FoodLogger.Infrastructure.Tests", "FoodLogger.Infrastructure.Tests\FoodLogger.Infrastructure.Tests.csproj", "{52F5BB6C-A9C5-48FB-B183-1F58E037F489}"
EndProject
Project("{FAE04EC0-301F-11D3-BF4B-00C04F79EFBC}") = "FoodLogger.Domain.Tests", "FoodLogger.Domain.Tests\FoodLogger.Domain.Tests.csproj", "{526745E6-EC1D-4CCC-927E-7C6BC9361C16}"
EndProject
Global
	GlobalSection(SolutionConfigurationPlatforms) = preSolution
		Debug|Any CPU = Debug|Any CPU
		Release|Any CPU = Release|Any CPU
	EndGlobalSection
	GlobalSection(ProjectConfigurationPlatforms) = postSolution
		{038E8C00-3B8F-4323-BFB1-F586CE7BC8D5}.Debug|Any CPU.ActiveCfg = Debug|Any CPU
		{038E8C00-3B8F-4323-BFB1-F586CE7BC8D5}.Debug|Any CPU.Build.0 = Debug|Any CPU
		{038E8C00-3B8F-4323-BFB1-F586CE7BC8D5}.Release|Any CPU.ActiveCfg = Release|Any CPU
		{038E8C00-3B8F-4323-BFB1-F586CE7BC8D5}.Release|Any CPU.Build.0 = Release|Any CPU
		{5F0DA9F9-CC5C-4552-8188-EEE52712DC3A}.Debug|Any CPU.ActiveCfg = Debug|Any CPU
		{5F0DA9F9-CC5C-4552-8188-EEE52712DC3A}.Debug|Any CPU.Build.0 = Debug|Any CPU
		{5F0DA9F9-CC5C-4552-8188-EEE52712DC3A}.Release|Any CPU.ActiveCfg = Release|Any CPU
		{5F0DA9F9-CC5C-4552-8188-EEE52712DC3A}.Release|Any CPU.Build.0 = Release|Any CPU
		{78AA0F74-ADFA-46DC-9542-CAFB2DD8C6D2}.Debug|Any CPU.ActiveCfg = Debug|Any CPU
		{78AA0F74-ADFA-46DC-9542-CAFB2DD8C6D2}.Debug|Any CPU.Build.0 = Debug|Any CPU
		{78AA0F74-ADFA-46DC-9542-CAFB2DD8C6D2}.Release|Any CPU.ActiveCfg = Release|Any CPU
		{78AA0F74-ADFA-46DC-9542-CAFB2DD8C6D2}.Release|Any CPU.Build.0 = Release|Any CPU
		{4E00BD97-BF62-4998-98F7-EFE4A06A8879}.Debug|Any CPU.ActiveCfg = Debug|Any CPU
		{4E00BD97-BF62-4998-98F7-EFE4A06A8879}.Debug|Any CPU.Build.0 = Debug|Any CPU
		{4E00BD97-BF62-4998-98F7-EFE4A06A8879}.Release|Any CPU.ActiveCfg = Release|Any CPU
		{4E00BD97-BF62-4998-98F7-EFE4A06A8879}.Release|Any CPU.Build.0 = Release|Any CPU
		{15BC69BB-2434-4169-91B3-AA94FE72FB7B}.Debug|Any CPU.ActiveCfg = Debug|Any CPU
		{15BC69BB-2434-4169-91B3-AA94FE72FB7B}.Debug|Any CPU.Build.0 = Debug|Any CPU
		{15BC69BB-2434-4169-91B3-AA94FE72FB7B}.Release|Any CPU.ActiveCfg = Release|Any CPU
		{15BC69BB-2434-4169-91B3-AA94FE72FB7B}.Release|Any CPU.Build.0 = Release|Any CPU
		{52F5BB6C-A9C5-48FB-B183-1F58E037F489}.Debug|Any CPU.ActiveCfg = Debug|Any CPU
		{52F5BB6C-A9C5-48FB-B183-1F58E037F489}.Debug|Any CPU.Build.0 = Debug|Any CPU
		{52F5BB6C-A9C5-48FB-B183-1F58E037F489}.Release|Any CPU.ActiveCfg = Release|Any CPU
		{52F5BB6C-A9C5-48FB-B183-1F58E037F489}.Release|Any CPU.Build.0 = Release|Any CPU
		{526745E6-EC1D-4CCC-927E-7C6BC9361C16}.Debug|Any CPU.ActiveCfg = Debug|Any CPU
		{526745E6-EC1D-4CCC-927E-7C6BC9361C16}.Debug|Any CPU.Build.0 = Debug|Any CPU
		{526745E6-EC1D-4CCC-927E-7C6BC9361C16}.Release|Any CPU.ActiveCfg = Release|Any CPU
		{526745E6-EC1D-4CCC-927E-7C6BC9361C16}.Release|Any CPU.Build.0 = Release|Any CPU
	EndGlobalSection
	GlobalSection(SolutionProperties) = preSolution
		HideSolutionNode = FALSE
	EndGlobalSection
	GlobalSection(NestedProjects) = preSolution
		{038E8C00-3B8F-4323-BFB1-F586CE7BC8D5} = {A1EBDB08-6B9E-417A-A39C-9DC623A6F90E}
		{5F0DA9F9-CC5C-4552-8188-EEE52712DC3A} = {A1EBDB08-6B9E-417A-A39C-9DC623A6F90E}
		{78AA0F74-ADFA-46DC-9542-CAFB2DD8C6D2} = {A1EBDB08-6B9E-417A-A39C-9DC623A6F90E}
		{4E00BD97-BF62-4998-98F7-EFE4A06A8879} = {A1EBDB08-6B9E-417A-A39C-9DC623A6F90E}
		{15BC69BB-2434-4169-91B3-AA94FE72FB7B} = {02EA681E-C7D8-13C7-8484-4AC65E1B71E8}
		{52F5BB6C-A9C5-48FB-B183-1F58E037F489} = {02EA681E-C7D8-13C7-8484-4AC65E1B71E8}
		{526745E6-EC1D-4CCC-927E-7C6BC9361C16} = {02EA681E-C7D8-13C7-8484-4AC65E1B71E8}
	EndGlobalSection
	GlobalSection(ExtensibilityGlobals) = postSolution
		SolutionGuid = {E21D9C50-1D01-4BC2-8DDA-B88387B50C37}
	EndGlobalSection
EndGlobal
